
Microsoft Visual Studio Solution File, Format Version 12.00
# Visual Studio Version 17
VisualStudioVersion = 17.11.35312.102
MinimumVisualStudioVersion = 10.0.40219.1
Project("{9A19103F-16F7-4668-BE54-9A1E7A4F7556}") = "LightNap.WebApi", "LightNap.WebApi\LightNap.WebApi.csproj", "{EA38F962-A671-4B19-8336-01934841226B}"
EndProject
Project("{9A19103F-16F7-4668-BE54-9A1E7A4F7556}") = "LightNap.Core", "LightNap.Core\LightNap.Core.csproj", "{34811103-29EA-45E2-AB72-8E36F3531C27}"
EndProject
Project("{9A19103F-16F7-4668-BE54-9A1E7A4F7556}") = "LightNap.DataProviders.SqlServer", "LightNap.DataProviders.SqlServer\LightNap.DataProviders.SqlServer.csproj", "{EED4671C-FA21-49AB-9612-33AA7AA54066}"
EndProject
Project("{9A19103F-16F7-4668-BE54-9A1E7A4F7556}") = "LightNap.MaintenanceService", "LightNap.MaintenanceService\LightNap.MaintenanceService.csproj", "{BFE9336E-F171-40B7-8887-1BC7A0242E2D}"
EndProject
Project("{9A19103F-16F7-4668-BE54-9A1E7A4F7556}") = "LightNap.DataProviders.Sqlite", "LightNap.DataProviders.Sqlite\LightNap.DataProviders.Sqlite.csproj", "{2346CF84-901E-40EC-8970-318CA75D6B83}"
EndProject
Project("{FAE04EC0-301F-11D3-BF4B-00C04F79EFBC}") = "LightNap.Core.Tests", "LightNap.Core.Tests\LightNap.Core.Tests.csproj", "{129FA762-2B43-4190-96C6-3D6065B273BE}"
EndProject
Global
	GlobalSection(SolutionConfigurationPlatforms) = preSolution
		Debug|Any CPU = Debug|Any CPU
		Release|Any CPU = Release|Any CPU
	EndGlobalSection
	GlobalSection(ProjectConfigurationPlatforms) = postSolution
		{EA38F962-A671-4B19-8336-01934841226B}.Debug|Any CPU.ActiveCfg = Debug|Any CPU
		{EA38F962-A671-4B19-8336-01934841226B}.Debug|Any CPU.Build.0 = Debug|Any CPU
		{EA38F962-A671-4B19-8336-01934841226B}.Release|Any CPU.ActiveCfg = Release|Any CPU
		{EA38F962-A671-4B19-8336-01934841226B}.Release|Any CPU.Build.0 = Release|Any CPU
		{34811103-29EA-45E2-AB72-8E36F3531C27}.Debug|Any CPU.ActiveCfg = Debug|Any CPU
		{34811103-29EA-45E2-AB72-8E36F3531C27}.Debug|Any CPU.Build.0 = Debug|Any CPU
		{34811103-29EA-45E2-AB72-8E36F3531C27}.Release|Any CPU.ActiveCfg = Release|Any CPU
		{34811103-29EA-45E2-AB72-8E36F3531C27}.Release|Any CPU.Build.0 = Release|Any CPU
		{EED4671C-FA21-49AB-9612-33AA7AA54066}.Debug|Any CPU.ActiveCfg = Debug|Any CPU
		{EED4671C-FA21-49AB-9612-33AA7AA54066}.Debug|Any CPU.Build.0 = Debug|Any CPU
		{EED4671C-FA21-49AB-9612-33AA7AA54066}.Release|Any CPU.ActiveCfg = Release|Any CPU
		{EED4671C-FA21-49AB-9612-33AA7AA54066}.Release|Any CPU.Build.0 = Release|Any CPU
		{BFE9336E-F171-40B7-8887-1BC7A0242E2D}.Debug|Any CPU.ActiveCfg = Debug|Any CPU
		{BFE9336E-F171-40B7-8887-1BC7A0242E2D}.Debug|Any CPU.Build.0 = Debug|Any CPU
		{BFE9336E-F171-40B7-8887-1BC7A0242E2D}.Release|Any CPU.ActiveCfg = Release|Any CPU
		{BFE9336E-F171-40B7-8887-1BC7A0242E2D}.Release|Any CPU.Build.0 = Release|Any CPU
		{2346CF84-901E-40EC-8970-318CA75D6B83}.Debug|Any CPU.ActiveCfg = Debug|Any CPU
		{2346CF84-901E-40EC-8970-318CA75D6B83}.Debug|Any CPU.Build.0 = Debug|Any CPU
		{2346CF84-901E-40EC-8970-318CA75D6B83}.Release|Any CPU.ActiveCfg = Release|Any CPU
		{2346CF84-901E-40EC-8970-318CA75D6B83}.Release|Any CPU.Build.0 = Release|Any CPU
		{129FA762-2B43-4190-96C6-3D6065B273BE}.Debug|Any CPU.ActiveCfg = Debug|Any CPU
		{129FA762-2B43-4190-96C6-3D6065B273BE}.Debug|Any CPU.Build.0 = Debug|Any CPU
		{129FA762-2B43-4190-96C6-3D6065B273BE}.Release|Any CPU.ActiveCfg = Release|Any CPU
		{129FA762-2B43-4190-96C6-3D6065B273BE}.Release|Any CPU.Build.0 = Release|Any CPU
	EndGlobalSection
	GlobalSection(SolutionProperties) = preSolution
		HideSolutionNode = FALSE
	EndGlobalSection
	GlobalSection(ExtensibilityGlobals) = postSolution
		SolutionGuid = {178DA7E1-816E-4AA8-81A2-FA25000CA784}
	EndGlobalSection
EndGlobal
